// !$*UTF8*$!
{
	archiveVersion = 1;
	classes = {
	};
	objectVersion = 56;
	objects = {

/* Begin PBXBuildFile section */
		AF015E1529B641EF00A6D079 /* AppDelegate.swift in Sources */ = {isa = PBXBuildFile; fileRef = AF015E1429B641EF00A6D079 /* AppDelegate.swift */; };
		AF015E1729B641EF00A6D079 /* SceneDelegate.swift in Sources */ = {isa = PBXBuildFile; fileRef = AF015E1629B641EF00A6D079 /* SceneDelegate.swift */; };
		AF015E1929B641EF00A6D079 /* 1_ViewController.swift in Sources */ = {isa = PBXBuildFile; fileRef = AF015E1829B641EF00A6D079 /* 1_ViewController.swift */; };
		AF015E1C29B641EF00A6D079 /* Main.storyboard in Resources */ = {isa = PBXBuildFile; fileRef = AF015E1A29B641EF00A6D079 /* Main.storyboard */; };
		AF015E1E29B641F200A6D079 /* Assets.xcassets in Resources */ = {isa = PBXBuildFile; fileRef = AF015E1D29B641F200A6D079 /* Assets.xcassets */; };
		AF015E2129B641F200A6D079 /* LaunchScreen.storyboard in Resources */ = {isa = PBXBuildFile; fileRef = AF015E1F29B641F200A6D079 /* LaunchScreen.storyboard */; };
		AF015E2929B647F300A6D079 /* 1_EntryViewController.swift in Sources */ = {isa = PBXBuildFile; fileRef = AF015E2829B647F300A6D079 /* 1_EntryViewController.swift */; };
		AF015E2B29B6480200A6D079 /* 1_ItemViewController.swift in Sources */ = {isa = PBXBuildFile; fileRef = AF015E2A29B6480200A6D079 /* 1_ItemViewController.swift */; };
		AF015E2D29B65CE900A6D079 /* 2_AnotherViewController.swift in Sources */ = {isa = PBXBuildFile; fileRef = AF015E2C29B65CE900A6D079 /* 2_AnotherViewController.swift */; };
		AF015E2F29B67FDD00A6D079 /* TestViewController.swift in Sources */ = {isa = PBXBuildFile; fileRef = AF015E2E29B67FDD00A6D079 /* TestViewController.swift */; };
/* End PBXBuildFile section */

/* Begin PBXFileReference section */
		AF015E1129B641EF00A6D079 /* Pr1_List_UK.app */ = {isa = PBXFileReference; explicitFileType = wrapper.application; includeInIndex = 0; path = Pr1_List_UK.app; sourceTree = BUILT_PRODUCTS_DIR; };
		AF015E1429B641EF00A6D079 /* AppDelegate.swift */ = {isa = PBXFileReference; lastKnownFileType = sourcecode.swift; path = AppDelegate.swift; sourceTree = "<group>"; };
		AF015E1629B641EF00A6D079 /* SceneDelegate.swift */ = {isa = PBXFileReference; lastKnownFileType = sourcecode.swift; path = SceneDelegate.swift; sourceTree = "<group>"; };
		AF015E1829B641EF00A6D079 /* 1_ViewController.swift */ = {isa = PBXFileReference; lastKnownFileType = sourcecode.swift; path = 1_ViewController.swift; sourceTree = "<group>"; };
		AF015E1B29B641EF00A6D079 /* Base */ = {isa = PBXFileReference; lastKnownFileType = file.storyboard; name = Base; path = Base.lproj/Main.storyboard; sourceTree = "<group>"; };
		AF015E1D29B641F200A6D079 /* Assets.xcassets */ = {isa = PBXFileReference; lastKnownFileType = folder.assetcatalog; path = Assets.xcassets; sourceTree = "<group>"; };
		AF015E2029B641F200A6D079 /* Base */ = {isa = PBXFileReference; lastKnownFileType = file.storyboard; name = Base; path = Base.lproj/LaunchScreen.storyboard; sourceTree = "<group>"; };
		AF015E2229B641F200A6D079 /* Info.plist */ = {isa = PBXFileReference; lastKnownFileType = text.plist.xml; path = Info.plist; sourceTree = "<group>"; };
		AF015E2829B647F300A6D079 /* 1_EntryViewController.swift */ = {isa = PBXFileReference; lastKnownFileType = sourcecode.swift; path = 1_EntryViewController.swift; sourceTree = "<group>"; };
		AF015E2A29B6480200A6D079 /* 1_ItemViewController.swift */ = {isa = PBXFileReference; lastKnownFileType = sourcecode.swift; path = 1_ItemViewController.swift; sourceTree = "<group>"; };
		AF015E2C29B65CE900A6D079 /* 2_AnotherViewController.swift */ = {isa = PBXFileReference; lastKnownFileType = sourcecode.swift; path = 2_AnotherViewController.swift; sourceTree = "<group>"; };
		AF015E2E29B67FDD00A6D079 /* TestViewController.swift */ = {isa = PBXFileReference; lastKnownFileType = sourcecode.swift; path = TestViewController.swift; sourceTree = "<group>"; };
/* End PBXFileReference section */

/* Begin PBXFrameworksBuildPhase section */
		AF015E0E29B641EF00A6D079 /* Frameworks */ = {
			isa = PBXFrameworksBuildPhase;
			buildActionMask = 2147483647;
			files = (
			);
			runOnlyForDeploymentPostprocessing = 0;
		};
/* End PBXFrameworksBuildPhase section */

/* Begin PBXGroup section */
		AF015E0829B641EF00A6D079 = {
			isa = PBXGroup;
			children = (
				AF015E1329B641EF00A6D079 /* Pr1_List_UK */,
				AF015E1229B641EF00A6D079 /* Products */,
			);
			sourceTree = "<group>";
		};
		AF015E1229B641EF00A6D079 /* Products */ = {
			isa = PBXGroup;
			children = (
				AF015E1129B641EF00A6D079 /* Pr1_List_UK.app */,
			);
			name = Products;
			sourceTree = "<group>";
		};
		AF015E1329B641EF00A6D079 /* Pr1_List_UK */ = {
			isa = PBXGroup;
			children = (
				AF015E2229B641F200A6D079 /* Info.plist */,
				AF015E2829B647F300A6D079 /* 1_EntryViewController.swift */,
				AF015E2A29B6480200A6D079 /* 1_ItemViewController.swift */,
				AF015E1829B641EF00A6D079 /* 1_ViewController.swift */,
				AF015E2C29B65CE900A6D079 /* 2_AnotherViewController.swift */,
				AF015E1429B641EF00A6D079 /* AppDelegate.swift */,
				AF015E1629B641EF00A6D079 /* SceneDelegate.swift */,
				AF015E2E29B67FDD00A6D079 /* TestViewController.swift */,
				AF015E1D29B641F200A6D079 /* Assets.xcassets */,
				AF015E1F29B641F200A6D079 /* LaunchScreen.storyboard */,
				AF015E1A29B641EF00A6D079 /* Main.storyboard */,
			);
			path = Pr1_List_UK;
			sourceTree = "<group>";
		};
/* End PBXGroup section */

/* Begin PBXNativeTarget section */
		AF015E1029B641EF00A6D079 /* Pr1_List_UK */ = {
			isa = PBXNativeTarget;
			buildConfigurationList = AF015E2529B641F200A6D079 /* Build configuration list for PBXNativeTarget "Pr1_List_UK" */;
			buildPhases = (
				AF015E0D29B641EF00A6D079 /* Sources */,
				AF015E0E29B641EF00A6D079 /* Frameworks */,
				AF015E0F29B641EF00A6D079 /* Resources */,
			);
			buildRules = (
			);
			dependencies = (
			);
			name = Pr1_List_UK;
			productName = Pr1_List_UK;
			productReference = AF015E1129B641EF00A6D079 /* Pr1_List_UK.app */;
			productType = "com.apple.product-type.application";
		};
/* End PBXNativeTarget section */

/* Begin PBXProject section */
		AF015E0929B641EF00A6D079 /* Project object */ = {
			isa = PBXProject;
			attributes = {
				BuildIndependentTargetsInParallel = 1;
				LastSwiftUpdateCheck = 1420;
				LastUpgradeCheck = 1420;
				TargetAttributes = {
					AF015E1029B641EF00A6D079 = {
						CreatedOnToolsVersion = 14.2;
					};
				};
			};
			buildConfigurationList = AF015E0C29B641EF00A6D079 /* Build configuration list for PBXProject "Pr1_List_UK" */;
			compatibilityVersion = "Xcode 14.0";
			developmentRegion = en;
			hasScannedForEncodings = 0;
			knownRegions = (
				en,
				Base,
			);
			mainGroup = AF015E0829B641EF00A6D079;
			productRefGroup = AF015E1229B641EF00A6D079 /* Products */;
			projectDirPath = "";
			projectRoot = "";
			targets = (
				AF015E1029B641EF00A6D079 /* Pr1_List_UK */,
			);
		};
/* End PBXProject section */

/* Begin PBXResourcesBuildPhase section */
		AF015E0F29B641EF00A6D079 /* Resources */ = {
			isa = PBXResourcesBuildPhase;
			buildActionMask = 2147483647;
			files = (
				AF015E2129B641F200A6D079 /* LaunchScreen.storyboard in Resources */,
				AF015E1E29B641F200A6D079 /* Assets.xcassets in Resources */,
				AF015E1C29B641EF00A6D079 /* Main.storyboard in Resources */,
			);
			runOnlyForDeploymentPostprocessing = 0;
		};
/* End PBXResourcesBuildPhase section */

/* Begin PBXSourcesBuildPhase section */
		AF015E0D29B641EF00A6D079 /* Sources */ = {
			isa = PBXSourcesBuildPhase;
			buildActionMask = 2147483647;
			files = (
				AF015E2F29B67FDD00A6D079 /* TestViewController.swift in Sources */,
				AF015E1929B641EF00A6D079 /* 1_ViewController.swift in Sources */,
				AF015E2929B647F300A6D079 /* 1_EntryViewController.swift in Sources */,
				AF015E2D29B65CE900A6D079 /* 2_AnotherViewController.swift in Sources */,
				AF015E2B29B6480200A6D079 /* 1_ItemViewController.swift in Sources */,
				AF015E1529B641EF00A6D079 /* AppDelegate.swift in Sources */,
				AF015E1729B641EF00A6D079 /* SceneDelegate.swift in Sources */,
			);
			runOnlyForDeploymentPostprocessing = 0;
		};
/* End PBXSourcesBuildPhase section */

/* Begin PBXVariantGroup section */
		AF015E1A29B641EF00A6D079 /* Main.storyboard */ = {
			isa = PBXVariantGroup;
			children = (
				AF015E1B29B641EF00A6D079 /* Base */,
			);
			name = Main.storyboard;
			sourceTree = "<group>";
		};
		AF015E1F29B641F200A6D079 /* LaunchScreen.storyboard */ = {
			isa = PBXVariantGroup;
			children = (
				AF015E2029B641F200A6D079 /* Base */,
			);
			name = LaunchScreen.storyboard;
			sourceTree = "<group>";
		};
/* End PBXVariantGroup section */

/* Begin XCBuildConfiguration section */
		AF015E2329B641F200A6D079 /* Debug */ = {
			isa = XCBuildConfiguration;
			buildSettings = {
				ALWAYS_SEARCH_USER_PATHS = NO;
				CLANG_ANALYZER_NONNULL = YES;
				CLANG_ANALYZER_NUMBER_OBJECT_CONVERSION = YES_AGGRESSIVE;
				CLANG_CXX_LANGUAGE_STANDARD = "gnu++20";
				CLANG_ENABLE_MODULES = YES;
				CLANG_ENABLE_OBJC_ARC = YES;
				CLANG_ENABLE_OBJC_WEAK = YES;
				CLANG_WARN_BLOCK_CAPTURE_AUTORELEASING = YES;
				CLANG_WARN_BOOL_CONVERSION = YES;
				CLANG_WARN_COMMA = YES;
				CLANG_WARN_CONSTANT_CONVERSION = YES;
				CLANG_WARN_DEPRECATED_OBJC_IMPLEMENTATIONS = YES;
				CLANG_WARN_DIRECT_OBJC_ISA_USAGE = YES_ERROR;
				CLANG_WARN_DOCUMENTATION_COMMENTS = YES;
				CLANG_WARN_EMPTY_BODY = YES;
				CLANG_WARN_ENUM_CONVERSION = YES;
				CLANG_WARN_INFINITE_RECURSION = YES;
				CLANG_WARN_INT_CONVERSION = YES;
				CLANG_WARN_NON_LITERAL_NULL_CONVERSION = YES;
				CLANG_WARN_OBJC_IMPLICIT_RETAIN_SELF = YES;
				CLANG_WARN_OBJC_LITERAL_CONVERSION = YES;
				CLANG_WARN_OBJC_ROOT_CLASS = YES_ERROR;
				CLANG_WARN_QUOTED_INCLUDE_IN_FRAMEWORK_HEADER = YES;
				CLANG_WARN_RANGE_LOOP_ANALYSIS = YES;
				CLANG_WARN_STRICT_PROTOTYPES = YES;
				CLANG_WARN_SUSPICIOUS_MOVE = YES;
				CLANG_WARN_UNGUARDED_AVAILABILITY = YES_AGGRESSIVE;
				CLANG_WARN_UNREACHABLE_CODE = YES;
				CLANG_WARN__DUPLICATE_METHOD_MATCH = YES;
				COPY_PHASE_STRIP = NO;
				DEBUG_INFORMATION_FORMAT = dwarf;
				ENABLE_STRICT_OBJC_MSGSEND = YES;
				ENABLE_TESTABILITY = YES;
				GCC_C_LANGUAGE_STANDARD = gnu11;
				GCC_DYNAMIC_NO_PIC = NO;
				GCC_NO_COMMON_BLOCKS = YES;
				GCC_OPTIMIZATION_LEVEL = 0;
				GCC_PREPROCESSOR_DEFINITIONS = (
					"DEBUG=1",
					"$(inherited)",
				);
				GCC_WARN_64_TO_32_BIT_CONVERSION = YES;
				GCC_WARN_ABOUT_RETURN_TYPE = YES_ERROR;
				GCC_WARN_UNDECLARED_SELECTOR = YES;
				GCC_WARN_UNINITIALIZED_AUTOS = YES_AGGRESSIVE;
				GCC_WARN_UNUSED_FUNCTION = YES;
				GCC_WARN_UNUSED_VARIABLE = YES;
				IPHONEOS_DEPLOYMENT_TARGET = 16.2;
				MTL_ENABLE_DEBUG_INFO = INCLUDE_SOURCE;
				MTL_FAST_MATH = YES;
				ONLY_ACTIVE_ARCH = YES;
				SDKROOT = iphoneos;
				SWIFT_ACTIVE_COMPILATION_CONDITIONS = DEBUG;
				SWIFT_OPTIMIZATION_LEVEL = "-Onone";
			};
			name = Debug;
		};
		AF015E2429B641F200A6D079 /* Release */ = {
			isa = XCBuildConfiguration;
			buildSettings = {
				ALWAYS_SEARCH_USER_PATHS = NO;
				CLANG_ANALYZER_NONNULL = YES;
				CLANG_ANALYZER_NUMBER_OBJECT_CONVERSION = YES_AGGRESSIVE;
				CLANG_CXX_LANGUAGE_STANDARD = "gnu++20";
				CLANG_ENABLE_MODULES = YES;
				CLANG_ENABLE_OBJC_ARC = YES;
				CLANG_ENABLE_OBJC_WEAK = YES;
				CLANG_WARN_BLOCK_CAPTURE_AUTORELEASING = YES;
				CLANG_WARN_BOOL_CONVERSION = YES;
				CLANG_WARN_COMMA = YES;
				CLANG_WARN_CONSTANT_CONVERSION = YES;
				CLANG_WARN_DEPRECATED_OBJC_IMPLEMENTATIONS = YES;
				CLANG_WARN_DIRECT_OBJC_ISA_USAGE = YES_ERROR;
				CLANG_WARN_DOCUMENTATION_COMMENTS = YES;
				CLANG_WARN_EMPTY_BODY = YES;
				CLANG_WARN_ENUM_CONVERSION = YES;
				CLANG_WARN_INFINITE_RECURSION = YES;
				CLANG_WARN_INT_CONVERSION = YES;
				CLANG_WARN_NON_LITERAL_NULL_CONVERSION = YES;
				CLANG_WARN_OBJC_IMPLICIT_RETAIN_SELF = YES;
				CLANG_WARN_OBJC_LITERAL_CONVERSION = YES;
				CLANG_WARN_OBJC_ROOT_CLASS = YES_ERROR;
				CLANG_WARN_QUOTED_INCLUDE_IN_FRAMEWORK_HEADER = YES;
				CLANG_WARN_RANGE_LOOP_ANALYSIS = YES;
				CLANG_WARN_STRICT_PROTOTYPES = YES;
				CLANG_WARN_SUSPICIOUS_MOVE = YES;
				CLANG_WARN_UNGUARDED_AVAILABILITY = YES_AGGRESSIVE;
				CLANG_WARN_UNREACHABLE_CODE = YES;
				CLANG_WARN__DUPLICATE_METHOD_MATCH = YES;
				COPY_PHASE_STRIP = NO;
				DEBUG_INFORMATION_FORMAT = "dwarf-with-dsym";
				ENABLE_NS_ASSERTIONS = NO;
				ENABLE_STRICT_OBJC_MSGSEND = YES;
				GCC_C_LANGUAGE_STANDARD = gnu11;
				GCC_NO_COMMON_BLOCKS = YES;
				GCC_WARN_64_TO_32_BIT_CONVERSION = YES;
				GCC_WARN_ABOUT_RETURN_TYPE = YES_ERROR;
				GCC_WARN_UNDECLARED_SELECTOR = YES;
				GCC_WARN_UNINITIALIZED_AUTOS = YES_AGGRESSIVE;
				GCC_WARN_UNUSED_FUNCTION = YES;
				GCC_WARN_UNUSED_VARIABLE = YES;
				IPHONEOS_DEPLOYMENT_TARGET = 16.2;
				MTL_ENABLE_DEBUG_INFO = NO;
				MTL_FAST_MATH = YES;
				SDKROOT = iphoneos;
				SWIFT_COMPILATION_MODE = wholemodule;
				SWIFT_OPTIMIZATION_LEVEL = "-O";
				VALIDATE_PRODUCT = YES;
			};
			name = Release;
		};
		AF015E2629B641F200A6D079 /* Debug */ = {
			isa = XCBuildConfiguration;
			buildSettings = {
				ASSETCATALOG_COMPILER_APPICON_NAME = AppIcon;
				ASSETCATALOG_COMPILER_GLOBAL_ACCENT_COLOR_NAME = AccentColor;
				CODE_SIGN_STYLE = Automatic;
				CURRENT_PROJECT_VERSION = 1;
				DEVELOPMENT_TEAM = ZNXA4CW222;
				GENERATE_INFOPLIST_FILE = YES;
				INFOPLIST_FILE = Pr1_List_UK/Info.plist;
				INFOPLIST_KEY_UIApplicationSupportsIndirectInputEvents = YES;
				INFOPLIST_KEY_UILaunchStoryboardName = LaunchScreen;
				INFOPLIST_KEY_UIMainStoryboardFile = Main;
				INFOPLIST_KEY_UISupportedInterfaceOrientations_iPad = "UIInterfaceOrientationPortrait UIInterfaceOrientationPortraitUpsideDown UIInterfaceOrientationLandscapeLeft UIInterfaceOrientationLandscapeRight";
				INFOPLIST_KEY_UISupportedInterfaceOrientations_iPhone = "UIInterfaceOrientationPortrait UIInterfaceOrientationLandscapeLeft UIInterfaceOrientationLandscapeRight";
				IPHONEOS_DEPLOYMENT_TARGET = 15.5;
				LD_RUNPATH_SEARCH_PATHS = (
					"$(inherited)",
					"@executable_path/Frameworks",
				);
				MARKETING_VERSION = 1.0;
				PRODUCT_BUNDLE_IDENTIFIER = "com.nadia.Pr1-List-UK";
				PRODUCT_NAME = "$(TARGET_NAME)";
				SUPPORTED_PLATFORMS = "iphoneos iphonesimulator";
				SUPPORTS_MACCATALYST = NO;
				SUPPORTS_MAC_DESIGNED_FOR_IPHONE_IPAD = NO;
				SWIFT_EMIT_LOC_STRINGS = YES;
				SWIFT_VERSION = 5.0;
				TARGETED_DEVICE_FAMILY = "1,2";
			};
			name = Debug;
		};
		AF015E2729B641F200A6D079 /* Release */ = {
			isa = XCBuildConfiguration;
			buildSettings = {
				ASSETCATALOG_COMPILER_APPICON_NAME = AppIcon;
				ASSETCATALOG_COMPILER_GLOBAL_ACCENT_COLOR_NAME = AccentColor;
				CODE_SIGN_STYLE = Automatic;
				CURRENT_PROJECT_VERSION = 1;
				DEVELOPMENT_TEAM = ZNXA4CW222;
				GENERATE_INFOPLIST_FILE = YES;
				INFOPLIST_FILE = Pr1_List_UK/Info.plist;
				INFOPLIST_KEY_UIApplicationSupportsIndirectInputEvents = YES;
				INFOPLIST_KEY_UILaunchStoryboardName = LaunchScreen;
				INFOPLIST_KEY_UIMainStoryboardFile = Main;
				INFOPLIST_KEY_UISupportedInterfaceOrientations_iPad = "UIInterfaceOrientationPortrait UIInterfaceOrientationPortraitUpsideDown UIInterfaceOrientationLandscapeLeft UIInterfaceOrientationLandscapeRight";
				INFOPLIST_KEY_UISupportedInterfaceOrientations_iPhone = "UIInterfaceOrientationPortrait UIInterfaceOrientationLandscapeLeft UIInterfaceOrientationLandscapeRight";
				IPHONEOS_DEPLOYMENT_TARGET = 15.5;
				LD_RUNPATH_SEARCH_PATHS = (
					"$(inherited)",
					"@executable_path/Frameworks",
				);
				MARKETING_VERSION = 1.0;
				PRODUCT_BUNDLE_IDENTIFIER = "com.nadia.Pr1-List-UK";
				PRODUCT_NAME = "$(TARGET_NAME)";
				SUPPORTED_PLATFORMS = "iphoneos iphonesimulator";
				SUPPORTS_MACCATALYST = NO;
				SUPPORTS_MAC_DESIGNED_FOR_IPHONE_IPAD = NO;
				SWIFT_EMIT_LOC_STRINGS = YES;
				SWIFT_VERSION = 5.0;
				TARGETED_DEVICE_FAMILY = "1,2";
			};
			name = Release;
		};
/* End XCBuildConfiguration section */

/* Begin XCConfigurationList section */
		AF015E0C29B641EF00A6D079 /* Build configuration list for PBXProject "Pr1_List_UK" */ = {
			isa = XCConfigurationList;
			buildConfigurations = (
				AF015E2329B641F200A6D079 /* Debug */,
				AF015E2429B641F200A6D079 /* Release */,
			);
			defaultConfigurationIsVisible = 0;
			defaultConfigurationName = Release;
		};
		AF015E2529B641F200A6D079 /* Build configuration list for PBXNativeTarget "Pr1_List_UK" */ = {
			isa = XCConfigurationList;
			buildConfigurations = (
				AF015E2629B641F200A6D079 /* Debug */,
				AF015E2729B641F200A6D079 /* Release */,
			);
			defaultConfigurationIsVisible = 0;
			defaultConfigurationName = Release;
		};
/* End XCConfigurationList section */
	};
	rootObject = AF015E0929B641EF00A6D079 /* Project object */;
}
